cloud.google.com/go v0.26.0/go.mod h1:aQUYkXzVsufM+DwF1aE+0xfcU+56JwCaLick0ClmMTw=
code.gitea.io/sdk v0.0.0-20181204230321-6abdddefe30b h1:4Gs2VEPuYunccEsgfCmwCA1duh0epf/oPY1t7Y19Vbk=
code.gitea.io/sdk v0.0.0-20181204230321-6abdddefe30b/go.mod h1:5bZt0dRznpn2JysytQnV0yCru3FwDv9O5G91jo+lDAk=
github.com/Azure/azure-sdk-for-go v16.2.1+incompatible/go.mod h1:9XXNKU+eRnpl9moKnB4QOLf1HestfXbmab5FXxiDBjc=
github.com/Azure/go-autorest v10.8.1+incompatible/go.mod h1:r+4oMnoxhatjLLJ6zxSWATqVooLgysK6ZNox3g/xq24=
github.com/Microsoft/go-winio v0.4.11 h1:zoIOcVf0xPN1tnMVbTtEdI+P8OofVk3NObnwOQ6nK2Q=
github.com/Microsoft/go-winio v0.4.11/go.mod h1:VhR8bwka0BXejwEJY73c50VrPtXAaKcyvVC4A4RozmA=
github.com/Shopify/logrus-bugsnag v0.0.0-20171204204709-577dee27f20d/go.mod h1:HI8ITrYtUY+O+ZhtlqUnD8+KwNPOyugEhfP9fdUIaEQ=
github.com/Sirupsen/logrus v0.10.0 h1:I5b9VTLOttchcwWCzzNfRDAW2EFGlEN49hyoyq6d2ZI=
github.com/Sirupsen/logrus v0.10.0/go.mod h1:rmk17hk6i8ZSAJkSDa7nOxamrG+SP4P0mm+DAvExv4U=
github.com/aws/aws-sdk-go v0.0.0-20170822213214-2b97862fa6fc/go.mod h1:ZRmQr0FajVIyZ4ZzBYKG5P3ZqPz9IHG41ZoMu1ADI3k=
github.com/aws/aws-sdk-go v1.15.11/go.mod h1:mFuSZ37Z9YOHbQEwBWztmVzqXrEkub65tZoCYDt7FT0=
github.com/beorn7/perks v0.0.0-20160804104726-4c0e84591b9a h1:BtpsbiV638WQZwhA98cEZw2BsbnQJrbd0BI7tsy0W1c=
github.com/beorn7/perks v0.0.0-20160804104726-4c0e84591b9a/go.mod h1:Dwedo/Wpr24TaqPxmxbtue+5NUziq4I4S80YR8gNf3Q=
github.com/bshuster-repo/logrus-logstash-hook v0.0.0-20170517171303-d2c0ecc1836d/go.mod h1:zsTqEiSzDgAa/8GZR7E1qaXrhYNDKBYy5/dWPTIflbk=
github.com/bugsnag/bugsnag-go v0.0.0-20141110184014-b1d153021fcd/go.mod h1:2oa8nejYd4cQ/b0hMIopN0lCRxU0bueqREvZLWFrtK8=
github.com/bugsnag/osext v0.0.0-20130617224835-0dd3f918b21b/go.mod h1:obH5gd0BsqsP2LwDJ9aOkm/6J86V6lyAXCoQWGw3K50=
github.com/bugsnag/panicwrap v0.0.0-20151223152923-e2c28503fcd0/go.mod h1:D/8v3kj0zr8ZAKg1AQ6crr+5VwKN5eIywRkfhyM/+dE=
github.com/client9/misspell v0.3.4/go.mod h1:qj6jICC3Q7zFZvVWo7KLAzC3yx5G7kyvSDkc90ppPyw=
github.com/cncd/logging v0.0.0-20170305070534-03b6463409fe h1:xRkEfxFvndzu2NKUYsM2m6bKtY1iKdvThTRvApFWDvQ=
github.com/cncd/logging v0.0.0-20170305070534-03b6463409fe/go.mod h1:wEeokhNsDgfFXeOkT82AAl69YmYB4CLvcjJ95UniEGQ=
github.com/cncd/pipeline v0.0.0-20180401183251-20fb2f4efd79 h1:bwR4ZAlzsAMTiZWpZskMI9q2cJQVeka4omKMOei9/y4=
github.com/cncd/pipeline v0.0.0-20180401183251-20fb2f4efd79/go.mod h1:CWRPcpri9aEElL/6sxSPBZ/ITxblLMQoaLdKUO2hr7U=
github.com/cncd/pubsub v0.0.0-20170303070635-0691529ab100 h1:FyDynNZaQs+gXY/6NIL3KL0YPdv4AiF7lmNThw5lmkk=
github.com/cncd/pubsub v0.0.0-20170303070635-0691529ab100/go.mod h1:Z0/VwTSHOoiwlW4Dt6WKV7FfROxVbWNuf113IJjFKmM=
github.com/cncd/queue v0.0.0-20170406022548-63b1974bbcc9 h1:uFZmSWE57qLROPC0tUJuL0YVuXmJ7OS3uy/dnF//mrc=
github.com/cncd/queue v0.0.0-20170406022548-63b1974bbcc9/go.mod h1:k7ucZuU2mnhUeLRDqJ9p6TreEFvvlrA3mNdnx8zjG0c=
github.com/coreos/go-semver v0.0.0-20170209201757-5e3acbb5668c h1:+wuUamXDDSjSegI1+8PkeQ0oY7azHxu0jlLJ9Cc/oLE=
github.com/coreos/go-semver v0.0.0-20170209201757-5e3acbb5668c/go.mod h1:nnelYz7RCh+5ahJtPPxZlU+153eP4D4r3EedlOD2RNk=
github.com/davecgh/go-spew v1.1.1 h1:vj9j/u1bqnvCEfJOwUhtlOARqs3+rkHYY13jYWTU97c=
github.com/davecgh/go-spew v1.1.1/go.mod h1:J7Y8YcW2NihsgmVo/mv3lAwl/skON4iLHjSsI+c5H38=
github.com/denverdino/aliyungo v0.0.0-20161108032828-afedced274aa/go.mod h1:dV8lFg6daOBZbT6/BDGIz6Y3WFGn8juu6G+CQ6LHtl0=
github.com/dgrijalva/jwt-go v0.0.0-20150904212456-c1da56349675 h1:MIkcjohFTgoQVDHtspV6VlbdH47ArW++NRDaAHKillo=
github.com/dgrijalva/jwt-go v0.0.0-20150904212456-c1da56349675/go.mod h1:E3ru+11k8xSBh+hMPgOLZmtrrCbhqsmaPHjLKYnJCaQ=
github.com/dgrijalva/jwt-go v0.0.0-20170104182250-a601269ab70c h1:KJAnOBuY9cTKVqB5cfbynpvFgeHRTREkRk8C977oFu4=
github.com/dgrijalva/jwt-go v0.0.0-20170104182250-a601269ab70c/go.mod h1:E3ru+11k8xSBh+hMPgOLZmtrrCbhqsmaPHjLKYnJCaQ=
github.com/dimfeld/httptreemux v0.0.0-20170728181113-4faa6bbd32f9 h1:8wCo5wT8cOxUaGnPhdQa4kmlDJ+c2j1JS+AzgMI9A8w=
github.com/dimfeld/httptreemux v0.0.0-20170728181113-4faa6bbd32f9/go.mod h1:rbUlSV+CCpv/SuqUTP/8Bk2O3LyUV436/yaRGkhP6Z0=
github.com/docker/distribution v2.6.0-rc.1.0.20170107002557-7dba42761219+incompatible h1:6df/G3OfgGZgiR2ybYT5r4xSPWetSvnQg+UzuvOJyNE=
github.com/docker/distribution v2.6.0-rc.1.0.20170107002557-7dba42761219+incompatible/go.mod h1:J2gT2udsDAN96Uj4KfcMRqY0/ypR+oyYUYmja8H+y+w=
github.com/docker/distribution v2.7.0+incompatible h1:neUDAlf3wX6Ml4HdqTrbcOHXtfRN0TFIwt6YFL7N9RU=
github.com/docker/distribution v2.7.0+incompatible/go.mod h1:J2gT2udsDAN96Uj4KfcMRqY0/ypR+oyYUYmja8H+y+w=
github.com/docker/docker v0.0.0-20170124170827-f645ffca04ab h1:x93KA/LZDM8mRsm6Za+KlIa/LbNrgY+HFbJrmsbyqUg=
github.com/docker/docker v0.0.0-20170124170827-f645ffca04ab/go.mod h1:eEKB0N0r5NX/I1kEveEz05bcu8tLC/8azJZsviup8Sk=
github.com/docker/docker v1.13.1 h1:5VBhsO6ckUxB0A8CE5LlUJdXzik9cbEbBTQ/ggeml7M=
github.com/docker/docker v1.13.1/go.mod h1:eEKB0N0r5NX/I1kEveEz05bcu8tLC/8azJZsviup8Sk=
github.com/docker/go-connections v0.4.0 h1:El9xVISelRB7BuFusrZozjnkIM5YnzCViNKohAFqRJQ=
github.com/docker/go-connections v0.4.0/go.mod h1:Gbd7IOopHjR8Iph03tsViu4nIes5XhDvyHbTtUxmeec=
github.com/docker/go-metrics v0.0.0-20180209012529-399ea8c73916 h1:yWHOI+vFjEsAakUTSrtqc/SAHrhSkmn48pqjidZX3QA=
github.com/docker/go-metrics v0.0.0-20180209012529-399ea8c73916/go.mod h1:/u0gXw0Gay3ceNrsHubL3BtdOL2fHf93USgMTe0W5dI=
github.com/docker/go-units v0.3.0 h1:69LhctGQbg0wZ2bTvwFsuPXPnhe6T2+0UMsxh+rBYZg=
github.com/docker/go-units v0.3.0/go.mod h1:fgPhTUdO+D/Jk86RDLlptpiXQzgHJF7gydDDbaIK4Dk=
github.com/docker/libcompose v0.0.0-20170210184346-1c4bd4542afb h1:SjmUzamE1RxgQhflzllPEa3YYmUAmsxRIxYTaO67U6g=
github.com/docker/libcompose v0.0.0-20170210184346-1c4bd4542afb/go.mod h1:EyqDS+Iyca0hS44T7qIMTeO1EOYWWWNOGpufHu9R8cs=
github.com/docker/libcompose v0.4.0 h1:zK7Ug0lCxPB8FDFNdCvR2ZjJjeJZ/607lfAYkp1hrtc=
github.com/docker/libcompose v0.4.0/go.mod h1:EyqDS+Iyca0hS44T7qIMTeO1EOYWWWNOGpufHu9R8cs=
github.com/docker/libtrust v0.0.0-20150114040149-fa567046d9b1/go.mod h1:cyGadeNEkKy96OOhEzfZl+yxihPEzKnqJwvfuSUqbZE=
github.com/docker/libtrust v0.0.0-20160708172513-aabc10ec26b7 h1:UhxFibDNY/bfvqU5CAUmr9zpesgbU6SWc8/B4mflAE4=
github.com/docker/libtrust v0.0.0-20160708172513-aabc10ec26b7/go.mod h1:cyGadeNEkKy96OOhEzfZl+yxihPEzKnqJwvfuSUqbZE=
github.com/drone/drone-ui v0.8.1 h1:I4WBAlnk/YQzCggQy/Qegb8Nu2T2R9KVzxso/lL98so=
github.com/drone/drone-ui v0.8.1/go.mod h1:NBtVWW7NNJpD9+huMD/5TAE1db2nrEh0i35/9Rf1MPI=
github.com/drone/envsubst v0.0.0-20181018144617-15e3f9b7e163 h1:EzHAQOoEZCuERjRO2M+5YrXx9QqFNegBkdb4D/m+w00=
github.com/drone/envsubst v0.0.0-20181018144617-15e3f9b7e163/go.mod h1:bkZbnc/2vh1M12Ecn7EYScpI4YGYU0etwLJICOWi8Z0=
github.com/drone/expr v0.0.0-20170909010628-72f4df4a266b h1:4Cu08npBhJIomGjuZikQch2gWy/ZCfntAzrihKCP84c=
github.com/drone/expr v0.0.0-20170909010628-72f4df4a266b/go.mod h1:ZTxWkAdswyXO7O1COlFOIg1VODCrbvhJIHO42DABVJU=
github.com/drone/signal v0.0.0-20170915013802-ac5d07ef1315 h1:pNSCIqkfTtVWwSHCOzCdEODGIdVh399LUj3wWiB4J+8=
github.com/drone/signal v0.0.0-20170915013802-ac5d07ef1315/go.mod h1:S8t92eFT0g4WUgEc/LxG+LCuiskpMNsG0ajAMGnyZpc=
github.com/fatih/structs v1.0.0 h1:BrX964Rv5uQ3wwS+KRUAJCBBw5PQmgJfJ6v4yly5QwU=
github.com/fatih/structs v1.0.0/go.mod h1:9NiDSp5zOcgEDl+j00MP/WkGVPOlPRLejGD8Ga6PJ7M=
github.com/flynn/go-shlex v0.0.0-20150515145356-3f9db97f8568 h1:BHsljHzVlRcyQhjrss6TZTdY2VfCqZPbv5k3iBFa2ZQ=
github.com/flynn/go-shlex v0.0.0-20150515145356-3f9db97f8568/go.mod h1:xEzjJPgXI435gkrCt3MPfRiAkVrwSbHsst4LCFVfpJc=
github.com/franela/goblin v0.0.0-20160123211154-889391d73023/go.mod h1:7dvUGVsVBjqR7JHJk0brhHOZYGmfBYOrK0ZhYMEtBr4=
github.com/franela/goblin v0.0.0-20170111051028-2fa789fd0c6b h1:pFXMOmYgv60RqCPRU9v+jprPw88/oor7dQDykOfi17A=
github.com/franela/goblin v0.0.0-20170111051028-2fa789fd0c6b/go.mod h1:7dvUGVsVBjqR7JHJk0brhHOZYGmfBYOrK0ZhYMEtBr4=
github.com/garyburd/redigo v0.0.0-20150301180006-535138d7bcd7/go.mod h1:NR3MbYisc3/PwhQ00EMzDiPmrwpPxAn5GI05/YaO1SY=
github.com/ghodss/yaml v0.0.0-20161207003320-04f313413ffd h1:U3yHrYB7NWH2o3UFzJ1J+TknZqM9QQtF8KVIE6Qzrfs=
github.com/ghodss/yaml v0.0.0-20161207003320-04f313413ffd/go.mod h1:4dBDuWmgqj2HViK6kFavaiC9ZROes6MMH2rRYeMEF04=
github.com/ghodss/yaml v1.0.0 h1:wQHKEahhL6wmXdzwWG11gIVCkOv05bNOh+Rxn0yngAk=
github.com/ghodss/yaml v1.0.0/go.mod h1:4dBDuWmgqj2HViK6kFavaiC9ZROes6MMH2rRYeMEF04=
github.com/gin-gonic/contrib v0.0.0-20150815172543-14f66d54cdb9 h1:gISPkiYdlRqAEbns25dOAoT/w5dxhI4ACWUYfTr3dFQ=
github.com/gin-gonic/contrib v0.0.0-20150815172543-14f66d54cdb9/go.mod h1:iqneQ2Df3omzIVTkIfn7c1acsVnMGiSLn4XF5Blh3Yg=
github.com/gin-gonic/gin v0.0.0-20160130002857-3d002e382355 h1:3ZUBGReAr10RSnHj5+2kODVfDuTQN9+tAUaiPb+sWeQ=
github.com/gin-gonic/gin v0.0.0-20160130002857-3d002e382355/go.mod h1:7cKuhb5qV2ggCFctp2fJQ+ErvciLZrIeoOSOm6mUr7Y=
github.com/go-ini/ini v0.0.0-20161120031036-2ba15ac2dc9c/go.mod h1:ByCAeIL28uOIIG0E3PJtZPDL8WnHpFKFOtgjp+3Ies8=
github.com/go-ini/ini v1.25.4/go.mod h1:ByCAeIL28uOIIG0E3PJtZPDL8WnHpFKFOtgjp+3Ies8=
github.com/go-sql-driver/mysql v1.3.0 h1:pgwjLi/dvffoP9aabwkT3AKpXQM93QARkjFhDDqC1UE=
github.com/go-sql-driver/mysql v1.3.0/go.mod h1:zAC/RDZ24gD3HViQzih4MyKcchzm+sOG5ZlKdlhCg5w=
github.com/gogits/go-gogs-client v0.0.0-20160212212711-d584b1e0fb4d h1:2sle18csjgDC8lnX5SHBwoyBlE1QLj8A8vgDxd2Mwbw=
github.com/gogits/go-gogs-client v0.0.0-20160212212711-d584b1e0fb4d/go.mod h1:cY2AIrMgHm6oOHmR7jY+9TtjzSjQ3iG7tURJG3Y6XH0=
github.com/golang/glog v0.0.0-20160126235308-23def4e6c14b/go.mod h1:SBH7ygxi8pfUlaOkMMuAQtPIUF8ecWP5IEl/CR7VP2Q=
github.com/golang/lint v0.0.0-20180702182130-06c8688daad7/go.mod h1:tluoj9z5200jBnyusfRPU2LqT6J+DAorxEvtC7LHB+E=
github.com/golang/mock v1.1.1/go.mod h1:oTYuIxOrZwtPieC+H1uAHpcLFnEyAGVDL/k47Jfbm0A=
github.com/golang/protobuf v0.0.0-20160321223353-8d92cf5fc15a/go.mod h1:6lQm79b+lXiMfvg/cZm0SGofjICqVBUtrP5yJMmIC1U=
github.com/golang/protobuf v0.0.0-20170622202551-6a1fa9404c0a/go.mod h1:6lQm79b+lXiMfvg/cZm0SGofjICqVBUtrP5yJMmIC1U=
github.com/golang/protobuf v1.2.0 h1:P3YflyNX/ehuJFLhxviNdFxQPkGK5cDcApsge1SqnvM=
github.com/golang/protobuf v1.2.0/go.mod h1:6lQm79b+lXiMfvg/cZm0SGofjICqVBUtrP5yJMmIC1U=
github.com/google/go-cmp v0.2.0 h1:+dTQ8DZQJz0Mb/HjFlkptS1FeQ4cWSnN941F8aEG4SQ=
github.com/google/go-cmp v0.2.0/go.mod h1:oXzfMopK8JAjlY9xF4vHSVASa0yLyX7SntLO5aqRK0M=
github.com/google/go-github v0.0.0-20151120211125-47f2593dad19 h1:RNqPPpiIA6KLsN6eqPHdRr/Di6tBROVtTo8GKwvyQ1U=
github.com/google/go-github v0.0.0-20151120211125-47f2593dad19/go.mod h1:zLgOLi98H3fifZn+44m+umXrS52loVEgC2AApnigrVQ=
github.com/google/go-querystring v0.0.0-20140906084135-d8840cbb2baa h1:iSW8wBImJ70ZKbf/WeqeEHd9MuGtg2kUJ39xcsIlctw=
github.com/google/go-querystring v0.0.0-20140906084135-d8840cbb2baa/go.mod h1:odCYkC5MyYFN7vkCjXpyrEuKhc/BUO6wN/zVPAxq5ck=
github.com/gorilla/handlers v0.0.0-20150720190736-60c7bfde3e33/go.mod h1:Qkdc/uu4tH4g6mTK6auzZ766c4CA0Ng8+o/OAirnOIQ=
github.com/gorilla/mux v0.0.0-20170228224354-599cba5e7b61/go.mod h1:1lud6UwP+6orDFRuTfBEV8e9/aOM/c4fVVCaMa2zaAs=
github.com/gorilla/mux v1.6.2 h1:Pgr17XVTNXAk3q/r4CpKzC5xBM/qW1uVLV+IhRZpIIk=
github.com/gorilla/mux v1.6.2/go.mod h1:1lud6UwP+6orDFRuTfBEV8e9/aOM/c4fVVCaMa2zaAs=
github.com/gorilla/securecookie v0.0.0-20140409111100-1b0c7f6e9ab3 h1:gdM8DoGwuzkJBvZwu45wCHLfzmSDnUmASRYxVS8sBUA=
github.com/gorilla/securecookie v0.0.0-20140409111100-1b0c7f6e9ab3/go.mod h1:ra0sb63/xPlUeL+yeDciTfxMRAA+MP+HVt/4epWDjd4=
github.com/gorilla/websocket v0.0.0-20160701185738-54f9decdbfb3/go.mod h1:E7qHFY5m1UJ88s3WnNqhKjPHQ0heANvMoAMk2YaljkQ=
github.com/gorilla/websocket v1.0.0 h1:J/mA+d2LqcDKjAEhQjXDHt9/e7Cnm+oBUwgHp5C6XDg=
github.com/gorilla/websocket v1.0.0/go.mod h1:E7qHFY5m1UJ88s3WnNqhKjPHQ0heANvMoAMk2YaljkQ=
github.com/hashicorp/errwrap v0.0.0-20141028054710-7554cd9344ce h1:prjrVgOk2Yg6w+PflHoszQNLTUh4kaByUcEWM/9uin4=
github.com/hashicorp/errwrap v0.0.0-20141028054710-7554cd9344ce/go.mod h1:YH+1FKiLXxHSkmPseP+kNlulaMuP3n2brvKWEqk/Jc4=
github.com/hashicorp/go-cleanhttp v0.0.0-20170211013415-3573b8b52aa7 h1:67fHcS+inUoiIqWCKIqeDuq2AlPHNHPiTqp97LdQ+bc=
github.com/hashicorp/go-cleanhttp v0.0.0-20170211013415-3573b8b52aa7/go.mod h1:JpRdi6/HCYpAwUzNwuwqhbovhLtngrth3wmdIIUrZ80=
github.com/hashicorp/go-multierror v0.0.0-20161216184304-ed905158d874 h1:cAv7ZbSmyb1wjn6T4TIiyFCkpcfgpbcNNC3bM2srLaI=
github.com/hashicorp/go-multierror v0.0.0-20161216184304-ed905158d874/go.mod h1:JMRHfdO9jKNzS/+BTlxCjKNQHg/jZAft8U7LloJvN7I=
github.com/hashicorp/go-rootcerts v0.0.0-20160503143440-6bb64b370b90 h1:9HVkPxOpo+yO93Ah4yrO67d/qh0fbLLWbKqhYjyHq9A=
github.com/hashicorp/go-rootcerts v0.0.0-20160503143440-6bb64b370b90/go.mod h1:o4zcYY1e0GEZI6eSEr+43QDYmuGglw1qSO6qdHUHCgg=
github.com/hashicorp/golang-lru v0.0.0-20160813221303-0a025b7e63ad/go.mod h1:/m3WP610KZHVQ1SGc6re/UDhFvYD7pJ4Ao+sR/qLZy8=
github.com/hashicorp/hcl v0.0.0-20170504190234-a4b07c25de5f h1:UdxlrJz4JOnY8W+DbLISwf2B8WXEolNRA8BGCwI9jws=
github.com/hashicorp/hcl v0.0.0-20170504190234-a4b07c25de5f/go.mod h1:oZtUIOe8dh44I2q6ScRibXws4Ajl+d+nod3AaR9vL5w=
github.com/hashicorp/vault v0.0.0-20170505234026-92dd48be2efc h1:9Zm4/2034YFFGWjpVHN3kRlkDbB0A6TFbm9Y9lfsqfU=
github.com/hashicorp/vault v0.0.0-20170505234026-92dd48be2efc/go.mod h1:KfSyffbKxoVyspOdlaGVjIuwLobi07qD1bAbosPMpP0=
github.com/ianschenck/envflag v0.0.0-20140720210342-9111d830d133 h1:h6FO/Da7rdYqJbRYMW9f+SMBWnJVguWh+0ERefW8zp8=
github.com/ianschenck/envflag v0.0.0-20140720210342-9111d830d133/go.mod h1:pyYc5lldRtL0l5YitYVv1dLKuC0qhMfAfiR7BLsN2pA=
github.com/inconshreveable/mousetrap v1.0.0/go.mod h1:PxqpIevigyE2G7u3NXJIT2ANytuPF1OarO4DADm73n8=
github.com/jmespath/go-jmespath v0.0.0-20160202185014-0b12d6b521d8/go.mod h1:Nht3zPeWKUH0NzdCt2Blrr5ys8VGpn0CEB0cQHVjt7k=
github.com/jmespath/go-jmespath v0.0.0-20160803190731-bd40a432e4c7/go.mod h1:Nht3zPeWKUH0NzdCt2Blrr5ys8VGpn0CEB0cQHVjt7k=
github.com/joho/godotenv v0.0.0-20150907010228-4ed13390c0ac h1:wF2VgtpbaLqhBHV9FxVWzgzgv8VcCjZ66Bl/+F6cpT0=
github.com/joho/godotenv v0.0.0-20150907010228-4ed13390c0ac/go.mod h1:7hK45KPybAkOC6peb+G5yklZfMxEjkZhHbwpqxOKXbg=
github.com/jpillora/go-ogle-analytics v0.0.0-20161213085824-14b04e0594ef/go.mod h1:PlwhC7q1VSK73InDzdDatVetQrTsQHIbOvcJAZzitY0=
github.com/kisielk/gotool v1.0.0/go.mod h1:XhKaO+MFFWcvkIS/tQcRk01m1F5IRFswLeQ+oQHNcck=
github.com/koding/cache v0.0.0-20161222233015-e8a81b0b3f20 h1:R7RAW1p8wjhlHKFhS4X7h8EePqADev/PltCmW9qlJoM=
github.com/koding/cache v0.0.0-20161222233015-e8a81b0b3f20/go.mod h1:sh5SGGmQVGUkWDnxevz0I2FJ4TeC18hRPRjKVBMb2kA=
github.com/konsorten/go-windows-terminal-sequences v1.0.1/go.mod h1:T0+1ngSBFLxvqU3pZ+m/2kptfBszLMUkC4ZK/EgS/cQ=
github.com/kr/pretty v0.0.0-20160708215748-737b74a46c4b h1:LJ9zj3Zit+pLjAQtA1gxl/ewhTnVa7+v9KPDCk6NdFc=
github.com/kr/pretty v0.0.0-20160708215748-737b74a46c4b/go.mod h1:Bvhd+E3laJ0AVkG0c9rmtZcnhV0HQ3+c3YxxqTvc/gA=
github.com/kr/text v0.0.0-20160504234017-7cafcd837844 h1:kpzneEBeC0dMewP3gr/fADv1OlblH9r1goWVwpOt3TU=
github.com/kr/text v0.0.0-20160504234017-7cafcd837844/go.mod h1:sjUstKUATFIcff4qlB53Kml0wQPtJVc/3fWrmuUmcfA=
github.com/lib/pq v0.0.0-20151015211310-83c4f410d0ae h1:rBqRT7VqVLePKGtyV6xDFLXeqD56CvZKEqI0XWzVTxM=
github.com/lib/pq v0.0.0-20151015211310-83c4f410d0ae/go.mod h1:5WUZQaWbwv1U+lTReE5YruASi9Al49XbQIvNi/34Woo=
github.com/lucas-clemente/aes12 v0.0.0-20161215152228-25700e67be5c/go.mod h1:JpH9J1c9oX6otFSgdUHwUBUizmKlrMjxWnIAjff4m04=
github.com/lucas-clemente/fnv128a v0.0.0-20160504152609-393af48d3916/go.mod h1:31qAbuTRFIJASrl34sBxFDAVzDF22dO/GV7Lxw+Kmi8=
github.com/lucas-clemente/quic-go v0.0.0-20170724161430-ab2bee400206/go.mod h1:wuD+2XqEx8G9jtwx5ou2BEYBsE+whgQmlj0Vz/77PrY=
github.com/lucas-clemente/quic-go-certificates v0.0.0-20160823095156-d2f86524cced/go.mod h1:NCcRLrOTZbzhZvixZLlERbJtDtYsmMw8Jc4vS8Z0g58=
github.com/manucorporat/sse v0.0.0-20160126180136-ee05b128a739 h1:ykXz+pRRTibcSjG1yRhpdSHInF8yZY/mfn+Rz2Nd1rE=
github.com/manucorporat/sse v0.0.0-20160126180136-ee05b128a739/go.mod h1:zUx1mhth20V3VKgL5jbd1BSQcW4Fy6Qs4PZvQwRFwzM=
github.com/marstr/guid v1.1.0/go.mod h1:74gB1z2wpxxInTG6yaqA7KrtM0NZ+RbrcqDvYHefzho=
github.com/mattn/go-sqlite3 v0.0.0-20170901084005-05548ff55570 h1:5kUatfhghA56dCIJpXrEiXGvLKSMiIVm5hTKJMnnymo=
github.com/mattn/go-sqlite3 v0.0.0-20170901084005-05548ff55570/go.mod h1:FPy6KqzDD04eiIsT53CuJW3U88zkxoIYsOqkbpncsNc=
github.com/matttproud/golang_protobuf_extensions v1.0.1 h1:4hp9jkHxhMHkqkrB3Ix0jegS5sx/RkqARlsWZ6pIwiU=
github.com/matttproud/golang_protobuf_extensions v1.0.1/go.mod h1:D8He9yQNgCq6Z5Ld7szi9bcBfOoFv/3dc6xSMkL2PC0=
github.com/miekg/dns v0.0.0-20161122061214-271c58e0c14f/go.mod h1:W1PPwlIAgtquWBMBEV9nkV9Cazfe8ScdGz/Lj7v3Nrg=
github.com/mitchellh/go-homedir v0.0.0-20161203194507-b8bc1bf76747 h1:eQox4Rh4ewJF+mqYPxCkmBAirRnPaHEB26UkNuPyjlk=
github.com/mitchellh/go-homedir v0.0.0-20161203194507-b8bc1bf76747/go.mod h1:SfyaCUpYCn1Vlf4IUYiD9fPX4A5wJrkLzIz1N1q0pr0=
github.com/mitchellh/mapstructure v0.0.0-20150528213339-482a9fd5fa83/go.mod h1:FVVH3fgwuzCH5S8UJGiWEs2h04kUh9fWfEaFds41c1Y=
github.com/mitchellh/mapstructure v0.0.0-20170422000251-cc8532a8e9a5 h1:AjVRQelY0a5wq4bUgs08/+iblph90u9H58uzaH7Cw3g=
github.com/mitchellh/mapstructure v0.0.0-20170422000251-cc8532a8e9a5/go.mod h1:FVVH3fgwuzCH5S8UJGiWEs2h04kUh9fWfEaFds41c1Y=
github.com/mrjones/oauth v0.0.0-20160405235802-31f1e8e5addd h1:rnSsxDubHzq+sl6hVHsPAO4ZBcCCfeqyvMVjPztCNNA=
github.com/mrjones/oauth v0.0.0-20160405235802-31f1e8e5addd/go.mod h1:skjdDftzkFALcuGzYSklqYd8gvat6F1gZJ4YPVbkZpM=
github.com/ncw/swift v1.0.40/go.mod h1:23YIA4yWVnGwv2dQlN4bB7egfYX6YLn0Yo/S6zZO/ZM=
github.com/opencontainers/go-digest v0.0.0-20170106003457-a6d0ee40d420/go.mod h1:cMLVZDEM3+U2I4VmLI6N8jQYUd2OVphdqWwCJHrFt2s=
github.com/opencontainers/go-digest v1.0.0-rc1 h1:WzifXhOVOEOuFYOJAW6aQqW0TooG2iki3E3Ii+WN7gQ=
github.com/opencontainers/go-digest v1.0.0-rc1/go.mod h1:cMLVZDEM3+U2I4VmLI6N8jQYUd2OVphdqWwCJHrFt2s=
github.com/opencontainers/image-spec v1.0.0/go.mod h1:BtxoFyWECRxE4U/7sNtV5W15zMzWCbyJoFRP3s7yZA0=
github.com/opencontainers/image-spec v1.0.1 h1:JMemWkRwHx4Zj+fVxWoMCFm/8sYGGrUVojFA6h/TRcI=
github.com/opencontainers/image-spec v1.0.1/go.mod h1:BtxoFyWECRxE4U/7sNtV5W15zMzWCbyJoFRP3s7yZA0=
github.com/opencontainers/runc v0.1.1 h1:GlxAyO6x8rfZYN9Tt0Kti5a/cP41iuiO2yYT0IJGY8Y=
github.com/opencontainers/runc v0.1.1/go.mod h1:qT5XzbpPznkRYVz/mWwUaVBUv2rmF59PVA73FjuZG0U=
github.com/opencontainers/runtime-spec v1.0.1 h1:wY4pOY8fBdSIvs9+IDHC55thBuEulhzfSgKeC1yFvzQ=
github.com/opencontainers/runtime-spec v1.0.1/go.mod h1:jwyrGlmzljRJv/Fgzds9SsS/C5hL+LL3ko9hs6T5lQ0=
github.com/pkg/errors v0.8.0 h1:WdK/asTD0HN+q6hsWO3/vpuAkAr+tw6aNJNDFFf0+qw=
github.com/pkg/errors v0.8.0/go.mod h1:bwawxfHBFNV+L2hUp1rHADufV3IMtnDRdf1r5NINEl0=
github.com/pmezard/go-difflib v1.0.0 h1:4DBwDE0NGyQoBHbLQYPwSUPoCMWR5BEzIk/f1lZbAQM=
github.com/pmezard/go-difflib v1.0.0/go.mod h1:iKH77koFhYxTK1pcRnkKkqfTogsbg7gZNVY4sRDYZ/4=
github.com/prometheus/client_golang v0.0.0-20170425213558-7d9484283ebe h1:c91I1yv6XUgZr9eOECnYmjZcFoPPh3KhHBqL9Tv6hic=
github.com/prometheus/client_golang v0.0.0-20170425213558-7d9484283ebe/go.mod h1:7SWBe2y4D6OKWSNQJUaRYU/AaXPKyh/dDVn+NZz0KFw=
github.com/prometheus/client_golang v0.0.0-20180209125602-c332b6f63c06 h1:BqJUZe1wY8984P2XGsGIGieuao8wucwOwaTS10L9Lj8=
github.com/prometheus/client_golang v0.0.0-20180209125602-c332b6f63c06/go.mod h1:7SWBe2y4D6OKWSNQJUaRYU/AaXPKyh/dDVn+NZz0KFw=
github.com/prometheus/client_model v0.0.0-20170216185247-6f3806018612 h1:13pIdM2tpaDi4OVe24fgoIS7ZTqMt0QI+bwQsX5hq+g=
github.com/prometheus/client_model v0.0.0-20170216185247-6f3806018612/go.mod h1:MbSGuTsp3dbXC40dX6PRTWyKYBIrTGTE9sqQNg2J8bo=
github.com/prometheus/client_model v0.0.0-20171117100541-99fa1f4be8e5 h1:cLL6NowurKLMfCeQy4tIeph12XNQWgANCNvdyrOYKV4=
github.com/prometheus/client_model v0.0.0-20171117100541-99fa1f4be8e5/go.mod h1:MbSGuTsp3dbXC40dX6PRTWyKYBIrTGTE9sqQNg2J8bo=
github.com/prometheus/common v0.0.0-20170427095455-13ba4ddd0caa h1:WBOqSBZzK9pqPXiewLT2aL9evdTCy4hUefz0h3iJGGI=
github.com/prometheus/common v0.0.0-20170427095455-13ba4ddd0caa/go.mod h1:daVV7qP5qjZbuso7PdcryaAu0sAZbrN9i7WWcTMWvro=
github.com/prometheus/common v0.0.0-20180110214958-89604d197083 h1:BVsJT8+ZbyuL3hypz/HmEiM8h2P6hBQGig4el9/MdjA=
github.com/prometheus/common v0.0.0-20180110214958-89604d197083/go.mod h1:daVV7qP5qjZbuso7PdcryaAu0sAZbrN9i7WWcTMWvro=
github.com/prometheus/procfs v0.0.0-20170424204552-6ac8c5d890d4 h1:eDLrsy4wO4daqAyVQg5veSHJFCsPaZ8s5aneq95Zn/w=
github.com/prometheus/procfs v0.0.0-20170424204552-6ac8c5d890d4/go.mod h1:c3At6R/oaqEKCNdg8wHV1ftS6bRYblBhIjjI8uT2IGk=
github.com/prometheus/procfs v0.0.0-20180125133057-cb4147076ac7 h1:iySnQNWLFnGjCPbVzAk6eFMjX8LAXPdPHpFjVLXJ5M0=
github.com/prometheus/procfs v0.0.0-20180125133057-cb4147076ac7/go.mod h1:c3At6R/oaqEKCNdg8wHV1ftS6bRYblBhIjjI8uT2IGk=
github.com/rs/zerolog v0.0.0-20170911215232-9d194eb6f50e h1:BYvKgDfc2ZgsYUoGH5RDsRrvTsw/fDE3spHzeNyOLG0=
github.com/rs/zerolog v0.0.0-20170911215232-9d194eb6f50e/go.mod h1:YbFCdg8HfsridGWAh22vktObvhZbQsZXe4/zB0OKkWU=
github.com/russross/meddler v0.0.0-20130919212315-308c3d0e5e45 h1:OGcddMYyBUv6pgiYrYVBA4690dy/mrQQgpoXbAjdb2w=
github.com/russross/meddler v0.0.0-20130919212315-308c3d0e5e45/go.mod h1:L0qig4K5sCW6YvsjqjPgkKJpwphlhMX1SmjGdcKXbsw=
github.com/satori/go.uuid v1.2.0/go.mod h1:dA0hQrYB0VpLJoorglMZABFdXlWrHn1NEOzdhQKdks0=
github.com/sethgrid/pester v0.0.0-20170408212409-4f4c0a67b649 h1:TD5Jb+1kzdQS5oEwaNTgHNJy/5HiYerutHrvTNFUSwg=
github.com/sethgrid/pester v0.0.0-20170408212409-4f4c0a67b649/go.mod h1:Ad7IjTpvzZO8Fl0vh9AzQ+j/jYZfyp2diGwI8m5q+ns=
github.com/sirupsen/logrus v0.0.0-20170620144510-3d4380f53a34/go.mod h1:pMByvHTf9Beacp5x1UXfOR9xyW/9antXMhjMPG0dEzc=
github.com/sirupsen/logrus v1.2.0 h1:juTguoYk5qI21pwyTXY3B3Y5cOTH3ZUyZCg1v/mihuo=
github.com/sirupsen/logrus v1.2.0/go.mod h1:LxeOpSwHxABJmUn/MG1IvRgCAasNZTLOkJPxbbu5VWo=
github.com/sourcegraph/jsonrpc2 v0.0.0-20170220125533-277d2464cfb1 h1:AfWyvlMeWliD9zzs31ekdxXaYmAXaRaIrpgeY80jlz4=
github.com/sourcegraph/jsonrpc2 v0.0.0-20170220125533-277d2464cfb1/go.mod h1:eESpbCslcLDs8j2D7IEdGVgul7xuk9odqDTaor30IUU=
github.com/sourcegraph/jsonrpc2 v0.0.0-20180831160525-549eb959f029 h1:86fjxPjv7RGdGho8ShBSEDZQPERPNnZbny8fJ0FcOGo=
github.com/sourcegraph/jsonrpc2 v0.0.0-20180831160525-549eb959f029/go.mod h1:eESpbCslcLDs8j2D7IEdGVgul7xuk9odqDTaor30IUU=
github.com/spf13/cobra v0.0.0-20150605180824-312092086bed/go.mod h1:1l0Ry5zgKvJasoi3XT1TypsSe7PqH0Sj9dhYf7v3XqQ=
github.com/spf13/pflag v0.0.0-20150601220040-564482062245/go.mod h1:DYY7MBk1bdzusC3SYhjObp+wFpr4gzcvqqNjLnInEg4=
github.com/spf13/pflag v1.0.3 h1:zPAT6CGy6wXeQ7NtTnaTerfKOsV6V6F8agHXFiazDkg=
github.com/spf13/pflag v1.0.3/go.mod h1:DYY7MBk1bdzusC3SYhjObp+wFpr4gzcvqqNjLnInEg4=
github.com/square/go-jose v0.0.0-20150821223324-afa7aee6d378 h1:IMszIsuZvSwFBk1QJKMK3W8YEj4LCqnOWrH3nabhTVs=
github.com/square/go-jose v0.0.0-20150821223324-afa7aee6d378/go.mod h1:7MxpAF/1WTVUu8Am+T5kNy+t0902CaLWM4Z745MkOa8=
github.com/square/go-jose v2.2.1+incompatible h1:waq0gPzpxNDCKOAsTHDbCaCk3cqAlsZG6q6F2Gr6ri8=
github.com/square/go-jose v2.2.1+incompatible/go.mod h1:7MxpAF/1WTVUu8Am+T5kNy+t0902CaLWM4Z745MkOa8=
github.com/stretchr/objx v0.1.1 h1:2vfRuCMp5sSVIDSqO8oNnWJq7mPa6KVP3iPIwFBuy8A=
github.com/stretchr/objx v0.1.1/go.mod h1:HFkY916IF+rwdDfMAkV7OtwuqBVzrE8GR6GFx+wExME=
github.com/stretchr/testify v0.0.0-20160129193106-9f9027faeb0d h1:O4Lif8ZdanH6aPprDwLhmx2eRhWuJfXEIax6EBX9aqE=
github.com/stretchr/testify v0.0.0-20160129193106-9f9027faeb0d/go.mod h1:a8OnRcib4nhh0OaRAV+Yts87kKdq0PP7pXfy6kDkUVs=
github.com/stretchr/testify v1.2.2 h1:bSDNvY7ZPG5RlJ8otE/7V6gMiyenm9RtJ7IUVIAoJ1w=
github.com/stretchr/testify v1.2.2/go.mod h1:a8OnRcib4nhh0OaRAV+Yts87kKdq0PP7pXfy6kDkUVs=
github.com/tevino/abool v0.0.0-20160628101133-3c25f2fe7cd0 h1:vWFdUhOO5Mw8vldT2ZRasKiGurX0mrUGZqDHyJB526Y=
github.com/tevino/abool v0.0.0-20160628101133-3c25f2fe7cd0/go.mod h1:f1SCnEOt6sc3fOJfPQDRDzHOtSXuTtnz0ImG9kPRDV0=
github.com/urfave/cli v0.0.0-20170117011938-f1be59ff3d23 h1:rasukMbAz5rsVFrZhh2bso6nC0Q0T/MSFAo+xIoQpsA=
github.com/urfave/cli v0.0.0-20170117011938-f1be59ff3d23/go.mod h1:70zkFmudgCuE/ngEzBv17Jvp/497gISqfk5gWijbERA=
github.com/vbatts/tar-split v0.11.1 h1:0Odu65rhcZ3JZaPHxl7tCI3V/C/Q9Zf82UFravl02dE=
github.com/vbatts/tar-split v0.11.1/go.mod h1:LEuURwDEiWjRjwu46yU3KVGuUdVv/dcnpcEPSzR8z6g=
github.com/wlan0/pipeline v0.0.0-20181214200929-3bbfc00a25d2 h1:QrN+U0233RzHXR6mzhyK4pfKArrLCSnbjSB8PvYCjmA=
github.com/wlan0/pipeline v0.0.0-20181214200929-3bbfc00a25d2/go.mod h1:tJIF723vzvWGAIuePMR//kq5i15FDGar46WrfzPP4Ns=
github.com/wlan0/pipeline v0.0.0-20181214201426-ce5a53e5111e h1:OpO5WxQxtD3SU9B+q3QasIR8aQTlmnb6qo1408te8i8=
github.com/wlan0/pipeline v0.0.0-20181214201426-ce5a53e5111e/go.mod h1:tJIF723vzvWGAIuePMR//kq5i15FDGar46WrfzPP4Ns=
github.com/wlan0/pipeline v0.0.0-20181214201717-1adc6ae4a11a h1:TtTxM+WjZpbUgeTxoTP7jEpKtlBkeOSi4j+TcKTD9CA=
github.com/wlan0/pipeline v0.0.0-20181214201717-1adc6ae4a11a/go.mod h1:tJIF723vzvWGAIuePMR//kq5i15FDGar46WrfzPP4Ns=
github.com/wlan0/pipeline v0.0.0-20181214224447-f9b0b988cfd6 h1:/oRKnUySSEQCSy+SdZBW96NPdQ7Cpo8mew+kLIWuuVM=
github.com/wlan0/pipeline v0.0.0-20181214224447-f9b0b988cfd6/go.mod h1:tJIF723vzvWGAIuePMR//kq5i15FDGar46WrfzPP4Ns=
github.com/wlan0/pipeline v0.0.0-20181214224604-bd47cc31cb8b h1:kff3Fi129yYipFX7guIvxW332r/qNQrnzDNq3Pg5ZeQ=
github.com/wlan0/pipeline v0.0.0-20181214224604-bd47cc31cb8b/go.mod h1:tJIF723vzvWGAIuePMR//kq5i15FDGar46WrfzPP4Ns=
github.com/wlan0/pipeline v0.0.0-20181216003636-67363b234cfd h1:+ucXtFl6eohkoudWPQdYNhZeyMru1T2x/kAP+lnb3P8=
github.com/wlan0/pipeline v0.0.0-20181216003636-67363b234cfd/go.mod h1:tJIF723vzvWGAIuePMR//kq5i15FDGar46WrfzPP4Ns=
github.com/xenolf/lego v0.0.0-20160613233155-a9d8cec0e656/go.mod h1:fwiGnfsIjG7OHPfOvgK7Y/Qo6+2Ox0iozjNTkZICKbY=
github.com/yvasiyarov/go-metrics v0.0.0-20140926110328-57bccd1ccd43/go.mod h1:aX5oPXxHm3bOH+xeAttToC8pqch2ScQN/JoXYupl6xs=
github.com/yvasiyarov/gorelic v0.0.0-20141212073537-a9bba5b9ab50/go.mod h1:NUSPSUX/bi6SeDMUh6brw0nXpxHnc96TguQh0+r/ssA=
github.com/yvasiyarov/newrelic_platform_go v0.0.0-20140908184405-b21fdbd4370f/go.mod h1:GlGEuHIJweS1mbCqG+7vt2nvWLzLLnRHbXz5JKd/Qbg=
golang.org/x/crypto v0.0.0-20150531185727-c10c31b5e94b/go.mod h1:6SG95UA2DQfeDnfUPMdvaQW0Q7yPrPDi9nlGo2tz2b4=
golang.org/x/crypto v0.0.0-20180112200814-13931e22f9e7 h1:bRxAJcr/ZrJIZeEC8Bv1hjCWUfDzHzppUajRw7oCDEY=
golang.org/x/crypto v0.0.0-20180112200814-13931e22f9e7/go.mod h1:6SG95UA2DQfeDnfUPMdvaQW0Q7yPrPDi9nlGo2tz2b4=
golang.org/x/crypto v0.0.0-20180904163835-0709b304e793 h1:u+LnwYTOOW7Ukr/fppxEb1Nwz0AtPflrblfvUudpo+I=
golang.org/x/crypto v0.0.0-20180904163835-0709b304e793/go.mod h1:6SG95UA2DQfeDnfUPMdvaQW0Q7yPrPDi9nlGo2tz2b4=
golang.org/x/lint v0.0.0-20180702182130-06c8688daad7/go.mod h1:UVdnD1Gm6xHRNCYTkRU2/jEulfH38KcIWyp/GAMgvoE=
golang.org/x/net v0.0.0-20160322021652-4876518f9e71/go.mod h1:mL1N/T3taQHkDXs73rZJwtUhF3w3ftmwwsq0BUmARs4=
golang.org/x/net v0.0.0-20170627093525-d997483c6db0/go.mod h1:mL1N/T3taQHkDXs73rZJwtUhF3w3ftmwwsq0BUmARs4=
golang.org/x/net v0.0.0-20170721033204-ab5485076ff3 h1:ech7AnQSc0Co690VXugI2YBicKHJwkjZJKaa76BGG84=
golang.org/x/net v0.0.0-20170721033204-ab5485076ff3/go.mod h1:mL1N/T3taQHkDXs73rZJwtUhF3w3ftmwwsq0BUmARs4=
golang.org/x/net v0.0.0-20180724234803-3673e40ba225 h1:kNX+jCowfMYzvlSvJu5pQWEmyWFrBXJ3PBy10xKMXK8=
golang.org/x/net v0.0.0-20180724234803-3673e40ba225/go.mod h1:mL1N/T3taQHkDXs73rZJwtUhF3w3ftmwwsq0BUmARs4=
golang.org/x/net v0.0.0-20180826012351-8a410e7b638d/go.mod h1:mL1N/T3taQHkDXs73rZJwtUhF3w3ftmwwsq0BUmARs4=
golang.org/x/net v0.0.0-20181106065722-10aee1819953 h1:LuZIitY8waaxUfNIdtajyE/YzA/zyf0YxXG27VpLrkg=
golang.org/x/net v0.0.0-20181106065722-10aee1819953/go.mod h1:mL1N/T3taQHkDXs73rZJwtUhF3w3ftmwwsq0BUmARs4=
golang.org/x/oauth2 v0.0.0-20160121061903-8a57ed94ffd4 h1:9XepZslbsnDusjUYh6+WSErDUzVo/HMQEYzWVxp3Wg4=
golang.org/x/oauth2 v0.0.0-20160121061903-8a57ed94ffd4/go.mod h1:N/0e6XlmueqKjAGxoOufVs8QHGRruUQn6yWY3a++T0U=
golang.org/x/oauth2 v0.0.0-20160304213135-045497edb623 h1:Ogcb1ofcvg+TPJ3U3BmnCFQxTzh9qidyMt5XgDWTrvw=
golang.org/x/oauth2 v0.0.0-20160304213135-045497edb623/go.mod h1:N/0e6XlmueqKjAGxoOufVs8QHGRruUQn6yWY3a++T0U=
golang.org/x/oauth2 v0.0.0-20180821212333-d2e6202438be h1:vEDujvNQGv4jgYKudGeI/+DAX4Jffq6hpD55MmoEvKs=
golang.org/x/oauth2 v0.0.0-20180821212333-d2e6202438be/go.mod h1:N/0e6XlmueqKjAGxoOufVs8QHGRruUQn6yWY3a++T0U=
golang.org/x/sync v0.0.0-20161206014632-450f422ab23c h1:YQEl+guQsEH6H0F3tC9qS6qxHgwRSC00jv5uhh7SOTQ=
golang.org/x/sync v0.0.0-20161206014632-450f422ab23c/go.mod h1:RxMgew5VJxzue5/jJTE5uejpjVlOe/izrB70Jof72aM=
golang.org/x/sync v0.0.0-20180314180146-1d60e4601c6f h1:wMNYb4v58l5UBM7MYRLPG6ZhfOqbKu7X5eyFl8ZhKvA=
golang.org/x/sync v0.0.0-20180314180146-1d60e4601c6f/go.mod h1:RxMgew5VJxzue5/jJTE5uejpjVlOe/izrB70Jof72aM=
golang.org/x/sys v0.0.0-20160415135844-f64b50fbea64 h1:bCcPub4lKv9/pHMpgldrftsXW84TsZrI/QPdbxiaE/4=
golang.org/x/sys v0.0.0-20160415135844-f64b50fbea64/go.mod h1:STP8DvDyc/dI5b8T5hshtkjS+E42TnysNCUPdjciGhY=
golang.org/x/sys v0.0.0-20180830151530-49385e6e1522/go.mod h1:STP8DvDyc/dI5b8T5hshtkjS+E42TnysNCUPdjciGhY=
golang.org/x/sys v0.0.0-20180905080454-ebe1bf3edb33 h1:I6FyU15t786LL7oL/hn43zqTuEGr4PN7F4XJ1p4E3Y8=
golang.org/x/sys v0.0.0-20180905080454-ebe1bf3edb33/go.mod h1:STP8DvDyc/dI5b8T5hshtkjS+E42TnysNCUPdjciGhY=
golang.org/x/text v0.0.0-20170627122817-6353ef0f9243 h1:KMqfj254WUf8x3TlrFDil/0kTMWs7/G9tcvcJxLAnHo=
golang.org/x/text v0.0.0-20170627122817-6353ef0f9243/go.mod h1:NqM8EUOU14njkJ3fqMW+pc6Ldnwhi/IjpwHt7yyuwOQ=
golang.org/x/text v0.3.0 h1:g61tztE5qeGQ89tm6NTjjM9VPIm088od1l6aSorWRWg=
golang.org/x/text v0.3.0/go.mod h1:NqM8EUOU14njkJ3fqMW+pc6Ldnwhi/IjpwHt7yyuwOQ=
golang.org/x/time v0.0.0-20160202183820-a4bde1265759/go.mod h1:tRJNPiyCQ0inRvYxbN9jk5I+vvW/OXSQhTDSoE431IQ=
golang.org/x/time v0.0.0-20181108054448-85acf8d2951c h1:fqgJT0MGcGpPgpWU7VRdRjuArfcOvC4AoJmILihzhDg=
golang.org/x/time v0.0.0-20181108054448-85acf8d2951c/go.mod h1:tRJNPiyCQ0inRvYxbN9jk5I+vvW/OXSQhTDSoE431IQ=
golang.org/x/tools v0.0.0-20180828015842-6cd1fcedba52/go.mod h1:n7NCudcB/nEzxVGmLbDWY5pfWTLqBcC2KZ6jyYvM4mQ=
google.golang.org/api v0.0.0-20160322025152-9bf6e6e569ff/go.mod h1:4mhQ8q/RsB7i+udVvVy5NUi08OU8ZlA0gRVgrF7VFY0=
google.golang.org/appengine v0.0.0-20160301025000-12d5545dc1cf/go.mod h1:EbEs0AVv82hx2wNQdGPgUI5lhzA/G0D9YwlJXL52JkM=
google.golang.org/appengine v1.1.0/go.mod h1:EbEs0AVv82hx2wNQdGPgUI5lhzA/G0D9YwlJXL52JkM=
google.golang.org/appengine v1.3.0 h1:FBSsiFRMz3LBeXIomRnVzrQwSDj4ibvcRexLG0LZGQk=
google.golang.org/appengine v1.3.0/go.mod h1:xpcJRLb0r/rnEns0DIKYYv+WjYCduHsrkT7/EB5XEv4=
google.golang.org/cloud v0.0.0-20151119220103-975617b05ea8/go.mod h1:0H1ncTHf11KCFhTc/+EFRbzSCOZx+VUbRMk55Yv5MYk=
google.golang.org/genproto v0.0.0-20170531203552-aa2eb687b4d3 h1:rsmDI9aCBHRNMo98WtsHjdPg0psgNNKKhYGTMCCp2q0=
google.golang.org/genproto v0.0.0-20170531203552-aa2eb687b4d3/go.mod h1:JiN7NxoALGmiZfu7CAH4rXhgtRTLTxftemlI0sWmxmc=
google.golang.org/genproto v0.0.0-20180817151627-c66870c02cf8/go.mod h1:JiN7NxoALGmiZfu7CAH4rXhgtRTLTxftemlI0sWmxmc=
google.golang.org/genproto v0.0.0-20181202183823-bd91e49a0898 h1:yvw+zsSmSM02Z5H3ZdEV7B7Ql7eFrjQTnmByJvK+3J8=
google.golang.org/genproto v0.0.0-20181202183823-bd91e49a0898/go.mod h1:7Ep/1NZk928CDR8SjdVbjWNpdIf6nzjE3BTgJDr2Atg=
google.golang.org/grpc v0.0.0-20160317175043-d3ddb4469d5a/go.mod h1:yo6s7OP7yaDglbqo1J04qKzAhqBH6lvTonzMVmEdcZw=
google.golang.org/grpc v0.0.0-20170626232044-9cb02b885b41 h1:39H6E1rBInQL8VUYaVfAgL3MklFeNfDaEW4hL9y4lKA=
google.golang.org/grpc v0.0.0-20170626232044-9cb02b885b41/go.mod h1:yo6s7OP7yaDglbqo1J04qKzAhqBH6lvTonzMVmEdcZw=
google.golang.org/grpc v1.16.0 h1:dz5IJGuC2BB7qXR5AyHNwAUBhZscK2xVez7mznh72sY=
google.golang.org/grpc v1.16.0/go.mod h1:0JHn/cJsOMiMfNA9+DeHDlAU7KAAB5GDlYFpa9MZMio=
gopkg.in/check.v1 v0.0.0-20161208181325-20d25e280405 h1:yhCVgyC4o1eVCa2tZl7eS0r+SDo693bJlVdllGtEeKM=
gopkg.in/check.v1 v0.0.0-20161208181325-20d25e280405/go.mod h1:Co6ibVJAznAaIkqp8huTwlJQCZ016jof/cbN4VW5Yz0=
gopkg.in/check.v1 v1.0.0-20141024133853-64131543e789/go.mod h1:Co6ibVJAznAaIkqp8huTwlJQCZ016jof/cbN4VW5Yz0=
gopkg.in/go-playground/assert.v1 v1.2.1 h1:xoYuJVE7KT85PYWrN730RguIQO0ePzVRfFMXadIrXTM=
gopkg.in/go-playground/assert.v1 v1.2.1/go.mod h1:9RXL0bg/zibRAgZUYszZSwO/z8Y/a8bDuhia5mkpMnE=
gopkg.in/go-playground/validator.v8 v8.17.1 h1:W1Q1z7rfiJiNhoBkHYqb9TJAdOqPXsyNeZ+8cAzP+kg=
gopkg.in/go-playground/validator.v8 v8.17.1/go.mod h1:RX2a/7Ha8BgOhfk7j780h4/u/RRjR0eouCJSH80/M2Y=
gopkg.in/mgo.v2 v2.0.0-20180705113604-9856a29383ce h1:xcEWjVhvbDy+nHP67nPDDpbYrY+ILlfndk4bRioVHaU=
gopkg.in/mgo.v2 v2.0.0-20180705113604-9856a29383ce/go.mod h1:yeKp02qBN3iKW1OzL3MGk2IdtZzaj7SFntXj72NppTA=
gopkg.in/square/go-jose.v1 v1.0.1/go.mod h1:QpYS+a4WhS+DTlyQIi6Ka7MS3SuR9a055rgXNEe6EiA=
gopkg.in/square/go-jose.v2 v2.2.1 h1:uRIz/V7RfMsMgGnCp+YybIdstDIz8wc0H283wHQfwic=
gopkg.in/square/go-jose.v2 v2.2.1/go.mod h1:M9dMgbHiYLoDGQrXy7OpJDJWiKiU//h+vD76mk0e1AI=
gopkg.in/yaml.v2 v2.0.0-20150119185552-5d6f7e02b7cd h1:E8ooGqG3QMm/WDpcDFc3/cFSUnWCLEKztgrLPfhPEWw=
gopkg.in/yaml.v2 v2.0.0-20150119185552-5d6f7e02b7cd/go.mod h1:JAlM8MvJe8wmxCU4Bli9HhUf9+ttbYbLASfIpnQbh74=
gopkg.in/yaml.v2 v2.0.0-20170125143719-4c78c975fe7c h1:Enh9ERF41kGycrO8CFIQa7oFmVuZNUXTNYe3bzcUatw=
gopkg.in/yaml.v2 v2.0.0-20170125143719-4c78c975fe7c/go.mod h1:JAlM8MvJe8wmxCU4Bli9HhUf9+ttbYbLASfIpnQbh74=
gopkg.in/yaml.v2 v2.2.1 h1:mUhvW9EsL+naU5Q3cakzfE91YhliOondGd6ZrsDBHQE=
gopkg.in/yaml.v2 v2.2.1/go.mod h1:hI93XBmqTisBFMUTm0b8Fm+jr3Dg1NNxqwp+5A1VGuI=
honnef.co/go/tools v0.0.0-20180728063816-88497007e858/go.mod h1:rf3lG4BRIbNafJWhAfAdb/ePZxsR/4RtNHQocxwk9r4=
